{
  "name": "mocking",
  "version": "1.0.1",
  "lockfileVersion": 1,
  "requires": true,
  "dependencies": {
    "random-date-generator": {
      "version": "1.0.2",
      "resolved": "https://registry.npm.taobao.org/random-date-generator/download/random-date-generator-1.0.2.tgz",
      "integrity": "sha1-xjZmW7/tCM7J4iBT1J8jPI/YTdE="
    },
    "uuid": {
      "version": "3.3.2",
      "resolved": "http://registry.npm.taobao.org/uuid/download/uuid-3.3.2.tgz",
      "integrity": "sha1-G0r0lV6zB3xQHCOHL8ZROBFYcTE="
    }
  }
}
